
Microsoft Visual Studio Solution File, Format Version 12.00
# Visual Studio Version 16
VisualStudioVersion = 16.0.31129.286
MinimumVisualStudioVersion = 10.0.40219.1
Project("{9A19103F-16F7-4668-BE54-9A1E7A4F7556}") = "AssignmentAppAPI", "AssignmentAppAPI\AssignmentAppAPI.csproj", "{EDCC005C-6101-40DC-816A-0C8395EEBFE5}"
EndProject
Project("{9A19103F-16F7-4668-BE54-9A1E7A4F7556}") = "AssignmentAppDAL", "AssignmentAppDAL\AssignmentAppDAL.csproj", "{9FFAB1CF-8BBB-4C38-9A67-60BB36A5F1EB}"
EndProject
Project("{9092AA53-FB77-4645-B42D-1CCCA6BD08BD}") = "AssignmentApp", "AssignmentApp\AssignmentApp.njsproj", "{0ED35ECD-81D4-4622-9902-90045B9F54EC}"
EndProject
Global
	GlobalSection(SolutionConfigurationPlatforms) = preSolution
		Debug|Any CPU = Debug|Any CPU
		Release|Any CPU = Release|Any CPU
	EndGlobalSection
	GlobalSection(ProjectConfigurationPlatforms) = postSolution
		{EDCC005C-6101-40DC-816A-0C8395EEBFE5}.Debug|Any CPU.ActiveCfg = Debug|Any CPU
		{EDCC005C-6101-40DC-816A-0C8395EEBFE5}.Debug|Any CPU.Build.0 = Debug|Any CPU
		{EDCC005C-6101-40DC-816A-0C8395EEBFE5}.Release|Any CPU.ActiveCfg = Release|Any CPU
		{EDCC005C-6101-40DC-816A-0C8395EEBFE5}.Release|Any CPU.Build.0 = Release|Any CPU
		{9FFAB1CF-8BBB-4C38-9A67-60BB36A5F1EB}.Debug|Any CPU.ActiveCfg = Debug|Any CPU
		{9FFAB1CF-8BBB-4C38-9A67-60BB36A5F1EB}.Debug|Any CPU.Build.0 = Debug|Any CPU
		{9FFAB1CF-8BBB-4C38-9A67-60BB36A5F1EB}.Release|Any CPU.ActiveCfg = Release|Any CPU
		{9FFAB1CF-8BBB-4C38-9A67-60BB36A5F1EB}.Release|Any CPU.Build.0 = Release|Any CPU
		{0ED35ECD-81D4-4622-9902-90045B9F54EC}.Debug|Any CPU.ActiveCfg = Debug|Any CPU
		{0ED35ECD-81D4-4622-9902-90045B9F54EC}.Debug|Any CPU.Build.0 = Debug|Any CPU
		{0ED35ECD-81D4-4622-9902-90045B9F54EC}.Release|Any CPU.ActiveCfg = Release|Any CPU
		{0ED35ECD-81D4-4622-9902-90045B9F54EC}.Release|Any CPU.Build.0 = Release|Any CPU
	EndGlobalSection
	GlobalSection(SolutionProperties) = preSolution
		HideSolutionNode = FALSE
	EndGlobalSection
	GlobalSection(ExtensibilityGlobals) = postSolution
		SolutionGuid = {5FFAC274-1D0A-4534-8686-45B165FDF080}
	EndGlobalSection
EndGlobal
